
Microsoft Visual Studio Solution File, Format Version 12.00
# Visual Studio 15
VisualStudioVersion = 15.0.28010.2003
MinimumVisualStudioVersion = 10.0.40219.1
Project("{FAE04EC0-301F-11D3-BF4B-00C04F79EFBC}") = "TestTask", "TestTask\TestTask.csproj", "{B6F269AC-9BEF-44F3-87A5-7748809A711D}"
EndProject
Global
	GlobalSection(SolutionConfigurationPlatforms) = preSolution
		Debug|Any CPU = Debug|Any CPU
		Release|Any CPU = Release|Any CPU
	EndGlobalSection
	GlobalSection(ProjectConfigurationPlatforms) = postSolution
		{B6F269AC-9BEF-44F3-87A5-7748809A711D}.Debug|Any CPU.ActiveCfg = Debug|Any CPU
		{B6F269AC-9BEF-44F3-87A5-7748809A711D}.Debug|Any CPU.Build.0 = Debug|Any CPU
		{B6F269AC-9BEF-44F3-87A5-7748809A711D}.Release|Any CPU.ActiveCfg = Release|Any CPU
		{B6F269AC-9BEF-44F3-87A5-7748809A711D}.Release|Any CPU.Build.0 = Release|Any CPU
	EndGlobalSection
	GlobalSection(SolutionProperties) = preSolution
		HideSolutionNode = FALSE
	EndGlobalSection
	GlobalSection(ExtensibilityGlobals) = postSolution
		SolutionGuid = {2CC2BA28-C656-4D10-9295-B1682F692E6D}
	EndGlobalSection
EndGlobal
